
Microsoft Visual Studio Solution File, Format Version 12.00
# Visual Studio Version 16
VisualStudioVersion = 16.0.30717.126
MinimumVisualStudioVersion = 10.0.40219.1
Project("{FAE04EC0-301F-11D3-BF4B-00C04F79EFBC}") = "ClosureTable", "ClosureTable\ClosureTable.csproj", "{887FA8FC-AE0D-4A06-BC4D-BED324F24B89}"
EndProject
Global
	GlobalSection(SolutionConfigurationPlatforms) = preSolution
		Debug|Any CPU = Debug|Any CPU
		Release|Any CPU = Release|Any CPU
	EndGlobalSection
	GlobalSection(ProjectConfigurationPlatforms) = postSolution
		{887FA8FC-AE0D-4A06-BC4D-BED324F24B89}.Debug|Any CPU.ActiveCfg = Debug|Any CPU
		{887FA8FC-AE0D-4A06-BC4D-BED324F24B89}.Debug|Any CPU.Build.0 = Debug|Any CPU
		{887FA8FC-AE0D-4A06-BC4D-BED324F24B89}.Release|Any CPU.ActiveCfg = Release|Any CPU
		{887FA8FC-AE0D-4A06-BC4D-BED324F24B89}.Release|Any CPU.Build.0 = Release|Any CPU
	EndGlobalSection
	GlobalSection(SolutionProperties) = preSolution
		HideSolutionNode = FALSE
	EndGlobalSection
	GlobalSection(ExtensibilityGlobals) = postSolution
		SolutionGuid = {059AF589-2B20-4D1E-A018-CE35CF988630}
	EndGlobalSection
EndGlobal
